
Microsoft Visual Studio Solution File, Format Version 12.00
# Visual Studio Version 16
VisualStudioVersion = 16.0.29009.5
MinimumVisualStudioVersion = 10.0.40219.1
Project("{9A19103F-16F7-4668-BE54-9A1E7A4F7556}") = "VehiclesDealerApi", "VehiclesDealerApi\VehiclesDealerApi.csproj", "{D15FF0BC-3390-447E-B252-C7682105CAFA}"
EndProject
Project("{FAE04EC0-301F-11D3-BF4B-00C04F79EFBC}") = "Queries", "Queries\Queries.csproj", "{C08C9E47-0B5F-4829-95EA-C0487536E786}"
EndProject
Global
	GlobalSection(SolutionConfigurationPlatforms) = preSolution
		Debug|Any CPU = Debug|Any CPU
		Release|Any CPU = Release|Any CPU
	EndGlobalSection
	GlobalSection(ProjectConfigurationPlatforms) = postSolution
		{D15FF0BC-3390-447E-B252-C7682105CAFA}.Debug|Any CPU.ActiveCfg = Debug|Any CPU
		{D15FF0BC-3390-447E-B252-C7682105CAFA}.Debug|Any CPU.Build.0 = Debug|Any CPU
		{D15FF0BC-3390-447E-B252-C7682105CAFA}.Release|Any CPU.ActiveCfg = Release|Any CPU
		{D15FF0BC-3390-447E-B252-C7682105CAFA}.Release|Any CPU.Build.0 = Release|Any CPU
		{C08C9E47-0B5F-4829-95EA-C0487536E786}.Debug|Any CPU.ActiveCfg = Debug|Any CPU
		{C08C9E47-0B5F-4829-95EA-C0487536E786}.Debug|Any CPU.Build.0 = Debug|Any CPU
		{C08C9E47-0B5F-4829-95EA-C0487536E786}.Release|Any CPU.ActiveCfg = Release|Any CPU
		{C08C9E47-0B5F-4829-95EA-C0487536E786}.Release|Any CPU.Build.0 = Release|Any CPU
	EndGlobalSection
	GlobalSection(SolutionProperties) = preSolution
		HideSolutionNode = FALSE
	EndGlobalSection
	GlobalSection(ExtensibilityGlobals) = postSolution
		SolutionGuid = {0A91E99F-7D15-4213-A4C4-B8142C254B7E}
	EndGlobalSection
EndGlobal
