
Microsoft Visual Studio Solution File, Format Version 12.00
# Visual Studio Version 16
VisualStudioVersion = 16.0.29424.173
MinimumVisualStudioVersion = 10.0.40219.1
Project("{9A19103F-16F7-4668-BE54-9A1E7A4F7556}") = "VehiclesDealer.Domain", "VehiclesDealer.Domain\VehiclesDealer.Domain.csproj", "{95019CB2-EE5B-420C-93F4-BFCB9AA5D814}"
EndProject
Project("{9A19103F-16F7-4668-BE54-9A1E7A4F7556}") = "VehiclesDealer.Application", "VehiclesDealer.Application\VehiclesDealer.Application.csproj", "{7572FCCA-5971-46EF-ADC8-80733E5578BB}"
EndProject
Project("{9A19103F-16F7-4668-BE54-9A1E7A4F7556}") = "VehiclesDealer.Infrastructure", "VehiclesDealer.Infrastructure\VehiclesDealer.Infrastructure.csproj", "{F04C0DFF-C619-46BC-9237-96716C057B10}"
EndProject
Project("{9A19103F-16F7-4668-BE54-9A1E7A4F7556}") = "VehiclesDealer.Api", "VehiclesDealer.Api\VehiclesDealer.Api.csproj", "{226A535F-2A2F-4C83-9D35-2ADD36E272D7}"
EndProject
Global
	GlobalSection(SolutionConfigurationPlatforms) = preSolution
		Debug|Any CPU = Debug|Any CPU
		Release|Any CPU = Release|Any CPU
	EndGlobalSection
	GlobalSection(ProjectConfigurationPlatforms) = postSolution
		{95019CB2-EE5B-420C-93F4-BFCB9AA5D814}.Debug|Any CPU.ActiveCfg = Debug|Any CPU
		{95019CB2-EE5B-420C-93F4-BFCB9AA5D814}.Debug|Any CPU.Build.0 = Debug|Any CPU
		{95019CB2-EE5B-420C-93F4-BFCB9AA5D814}.Release|Any CPU.ActiveCfg = Release|Any CPU
		{95019CB2-EE5B-420C-93F4-BFCB9AA5D814}.Release|Any CPU.Build.0 = Release|Any CPU
		{7572FCCA-5971-46EF-ADC8-80733E5578BB}.Debug|Any CPU.ActiveCfg = Debug|Any CPU
		{7572FCCA-5971-46EF-ADC8-80733E5578BB}.Debug|Any CPU.Build.0 = Debug|Any CPU
		{7572FCCA-5971-46EF-ADC8-80733E5578BB}.Release|Any CPU.ActiveCfg = Release|Any CPU
		{7572FCCA-5971-46EF-ADC8-80733E5578BB}.Release|Any CPU.Build.0 = Release|Any CPU
		{F04C0DFF-C619-46BC-9237-96716C057B10}.Debug|Any CPU.ActiveCfg = Debug|Any CPU
		{F04C0DFF-C619-46BC-9237-96716C057B10}.Debug|Any CPU.Build.0 = Debug|Any CPU
		{F04C0DFF-C619-46BC-9237-96716C057B10}.Release|Any CPU.ActiveCfg = Release|Any CPU
		{F04C0DFF-C619-46BC-9237-96716C057B10}.Release|Any CPU.Build.0 = Release|Any CPU
		{226A535F-2A2F-4C83-9D35-2ADD36E272D7}.Debug|Any CPU.ActiveCfg = Debug|Any CPU
		{226A535F-2A2F-4C83-9D35-2ADD36E272D7}.Debug|Any CPU.Build.0 = Debug|Any CPU
		{226A535F-2A2F-4C83-9D35-2ADD36E272D7}.Release|Any CPU.ActiveCfg = Release|Any CPU
		{226A535F-2A2F-4C83-9D35-2ADD36E272D7}.Release|Any CPU.Build.0 = Release|Any CPU
	EndGlobalSection
	GlobalSection(SolutionProperties) = preSolution
		HideSolutionNode = FALSE
	EndGlobalSection
	GlobalSection(ExtensibilityGlobals) = postSolution
		SolutionGuid = {6038BD0A-B2B8-483F-980B-FF4DE0821F9E}
	EndGlobalSection
EndGlobal
