
Microsoft Visual Studio Solution File, Format Version 12.00
# Visual Studio Version 16
VisualStudioVersion = 16.0.29424.173
MinimumVisualStudioVersion = 10.0.40219.1
Project("{9A19103F-16F7-4668-BE54-9A1E7A4F7556}") = "VehiclesDealerApi", "VehiclesDealerApi\VehiclesDealerApi.csproj", "{86F76A3A-31F6-4857-AC70-4B836BD750BF}"
EndProject
Project("{FAE04EC0-301F-11D3-BF4B-00C04F79EFBC}") = "VehiclesDealer.Application.Queries", "VehiclesDealer.Application.Queries\VehiclesDealer.Application.Queries.csproj", "{FF06C409-EFEA-48CC-8C52-46A2B13D1FC8}"
EndProject
Project("{FAE04EC0-301F-11D3-BF4B-00C04F79EFBC}") = "VehiclesDealer.Application.Actions", "VehiclesDealer.Application.Actions\VehiclesDealer.Application.Actions.csproj", "{1B2FAB47-31FF-4AE7-B0A3-AF1B2EE5477A}"
EndProject
Project("{FAE04EC0-301F-11D3-BF4B-00C04F79EFBC}") = "VehiclesDealer.Business", "VehiclesDealer.Business\VehiclesDealer.Business.csproj", "{A29CB032-D66D-445A-A32E-942F3185BF2D}"
EndProject
Project("{FAE04EC0-301F-11D3-BF4B-00C04F79EFBC}") = "VehiclesDealer.Repositories", "VehiclesDealer.Repositories\VehiclesDealer.Repositories.csproj", "{815901AA-70CB-4785-B2FF-F25D47435B99}"
EndProject
Global
	GlobalSection(SolutionConfigurationPlatforms) = preSolution
		Debug|Any CPU = Debug|Any CPU
		Release|Any CPU = Release|Any CPU
	EndGlobalSection
	GlobalSection(ProjectConfigurationPlatforms) = postSolution
		{86F76A3A-31F6-4857-AC70-4B836BD750BF}.Debug|Any CPU.ActiveCfg = Debug|Any CPU
		{86F76A3A-31F6-4857-AC70-4B836BD750BF}.Debug|Any CPU.Build.0 = Debug|Any CPU
		{86F76A3A-31F6-4857-AC70-4B836BD750BF}.Release|Any CPU.ActiveCfg = Release|Any CPU
		{86F76A3A-31F6-4857-AC70-4B836BD750BF}.Release|Any CPU.Build.0 = Release|Any CPU
		{FF06C409-EFEA-48CC-8C52-46A2B13D1FC8}.Debug|Any CPU.ActiveCfg = Debug|Any CPU
		{FF06C409-EFEA-48CC-8C52-46A2B13D1FC8}.Debug|Any CPU.Build.0 = Debug|Any CPU
		{FF06C409-EFEA-48CC-8C52-46A2B13D1FC8}.Release|Any CPU.ActiveCfg = Release|Any CPU
		{FF06C409-EFEA-48CC-8C52-46A2B13D1FC8}.Release|Any CPU.Build.0 = Release|Any CPU
		{1B2FAB47-31FF-4AE7-B0A3-AF1B2EE5477A}.Debug|Any CPU.ActiveCfg = Debug|Any CPU
		{1B2FAB47-31FF-4AE7-B0A3-AF1B2EE5477A}.Debug|Any CPU.Build.0 = Debug|Any CPU
		{1B2FAB47-31FF-4AE7-B0A3-AF1B2EE5477A}.Release|Any CPU.ActiveCfg = Release|Any CPU
		{1B2FAB47-31FF-4AE7-B0A3-AF1B2EE5477A}.Release|Any CPU.Build.0 = Release|Any CPU
		{A29CB032-D66D-445A-A32E-942F3185BF2D}.Debug|Any CPU.ActiveCfg = Debug|Any CPU
		{A29CB032-D66D-445A-A32E-942F3185BF2D}.Debug|Any CPU.Build.0 = Debug|Any CPU
		{A29CB032-D66D-445A-A32E-942F3185BF2D}.Release|Any CPU.ActiveCfg = Release|Any CPU
		{A29CB032-D66D-445A-A32E-942F3185BF2D}.Release|Any CPU.Build.0 = Release|Any CPU
		{815901AA-70CB-4785-B2FF-F25D47435B99}.Debug|Any CPU.ActiveCfg = Debug|Any CPU
		{815901AA-70CB-4785-B2FF-F25D47435B99}.Debug|Any CPU.Build.0 = Debug|Any CPU
		{815901AA-70CB-4785-B2FF-F25D47435B99}.Release|Any CPU.ActiveCfg = Release|Any CPU
		{815901AA-70CB-4785-B2FF-F25D47435B99}.Release|Any CPU.Build.0 = Release|Any CPU
	EndGlobalSection
	GlobalSection(SolutionProperties) = preSolution
		HideSolutionNode = FALSE
	EndGlobalSection
	GlobalSection(ExtensibilityGlobals) = postSolution
		SolutionGuid = {6038BD0A-B2B8-483F-980B-FF4DE0821F9E}
	EndGlobalSection
EndGlobal
